{
    "name": "Wastes",
    "lockfileVersion": 2,
    "requires": true,
    "packages": {
        "": {
            "dependencies": {
                "pngjs": "^6.0.0",
                "rollup": "^2.75.5",
                "three": "^0.134.0",
                "ws": "^8.11.0"
            },
            "devDependencies": {
                "@types/node": "^18.11.17"
            }
        },
        "node_modules/@types/node": {
            "version": "18.11.17",
            "resolved": "https://registry.npmjs.org/@types/node/-/node-18.11.17.tgz",
            "integrity": "sha512-HJSUJmni4BeDHhfzn6nF0sVmd1SMezP7/4F0Lq+aXzmp2xm9O7WXrUtHW/CHlYVtZUbByEvWidHqRtcJXGF2Ng==",
            "dev": true
        },
        "node_modules/fsevents": {
            "version": "2.3.2",
            "resolved": "https://registry.npmjs.org/fsevents/-/fsevents-2.3.2.tgz",
            "integrity": "sha512-xiqMQR4xAeHTuB9uWm+fFRcIOgKBMiOBP+eXiyT7jsgVCq1bkVygt00oASowB7EdtpOHaaPgKt812P9ab+DDKA==",
            "hasInstallScript": true,
            "optional": true,
            "os": [
                "darwin"
            ],
            "engines": {
                "node": "^8.16.0 || ^10.6.0 || >=11.0.0"
            }
        },
        "node_modules/pngjs": {
            "version": "6.0.0",
            "resolved": "https://registry.npmjs.org/pngjs/-/pngjs-6.0.0.tgz",
            "integrity": "sha512-TRzzuFRRmEoSW/p1KVAmiOgPco2Irlah+bGFCeNfJXxxYGwSw7YwAOAcd7X28K/m5bjBWKsC29KyoMfHbypayg==",
            "engines": {
                "node": ">=12.13.0"
            }
        },
        "node_modules/rollup": {
            "version": "2.75.5",
            "resolved": "https://registry.npmjs.org/rollup/-/rollup-2.75.5.tgz",
            "integrity": "sha512-JzNlJZDison3o2mOxVmb44Oz7t74EfSd1SQrplQk0wSaXV7uLQXtVdHbxlcT3w+8tZ1TL4r/eLfc7nAbz38BBA==",
            "bin": {
                "rollup": "dist/bin/rollup"
            },
            "engines": {
                "node": ">=10.0.0"
            },
            "optionalDependencies": {
                "fsevents": "~2.3.2"
            }
        },
        "node_modules/three": {
            "version": "0.134.0",
            "resolved": "https://registry.npmjs.org/three/-/three-0.134.0.tgz",
            "integrity": "sha512-LbBerg7GaSPjYtTOnu41AMp7tV6efUNR3p4Wk5NzkSsNTBuA5mDGOfwwZL1jhhVMLx9V20HolIUo0+U3AXehbg=="
        },
        "node_modules/ws": {
            "version": "8.11.0",
            "resolved": "https://registry.npmjs.org/ws/-/ws-8.11.0.tgz",
            "integrity": "sha512-HPG3wQd9sNQoT9xHyNCXoDUa+Xw/VevmY9FoHyQ+g+rrMn4j6FB4np7Z0OhdTgjx6MgQLK7jwSy1YecU1+4Asg==",
            "engines": {
                "node": ">=10.0.0"
            },
            "peerDependencies": {
                "bufferutil": "^4.0.1",
                "utf-8-validate": "^5.0.2"
            },
            "peerDependenciesMeta": {
                "bufferutil": {
                    "optional": true
                },
                "utf-8-validate": {
                    "optional": true
                }
            }
        }
    },
    "dependencies": {
        "@types/node": {
            "version": "18.11.17",
            "resolved": "https://registry.npmjs.org/@types/node/-/node-18.11.17.tgz",
            "integrity": "sha512-HJSUJmni4BeDHhfzn6nF0sVmd1SMezP7/4F0Lq+aXzmp2xm9O7WXrUtHW/CHlYVtZUbByEvWidHqRtcJXGF2Ng==",
            "dev": true
        },
        "fsevents": {
            "version": "2.3.2",
            "resolved": "https://registry.npmjs.org/fsevents/-/fsevents-2.3.2.tgz",
            "integrity": "sha512-xiqMQR4xAeHTuB9uWm+fFRcIOgKBMiOBP+eXiyT7jsgVCq1bkVygt00oASowB7EdtpOHaaPgKt812P9ab+DDKA==",
            "optional": true
        },
        "pngjs": {
            "version": "6.0.0",
            "resolved": "https://registry.npmjs.org/pngjs/-/pngjs-6.0.0.tgz",
            "integrity": "sha512-TRzzuFRRmEoSW/p1KVAmiOgPco2Irlah+bGFCeNfJXxxYGwSw7YwAOAcd7X28K/m5bjBWKsC29KyoMfHbypayg=="
        },
        "rollup": {
            "version": "2.75.5",
            "resolved": "https://registry.npmjs.org/rollup/-/rollup-2.75.5.tgz",
            "integrity": "sha512-JzNlJZDison3o2mOxVmb44Oz7t74EfSd1SQrplQk0wSaXV7uLQXtVdHbxlcT3w+8tZ1TL4r/eLfc7nAbz38BBA==",
            "requires": {
                "fsevents": "~2.3.2"
            }
        },
        "three": {
            "version": "0.134.0",
            "resolved": "https://registry.npmjs.org/three/-/three-0.134.0.tgz",
            "integrity": "sha512-LbBerg7GaSPjYtTOnu41AMp7tV6efUNR3p4Wk5NzkSsNTBuA5mDGOfwwZL1jhhVMLx9V20HolIUo0+U3AXehbg=="
        },
        "ws": {
            "version": "8.11.0",
            "resolved": "https://registry.npmjs.org/ws/-/ws-8.11.0.tgz",
            "integrity": "sha512-HPG3wQd9sNQoT9xHyNCXoDUa+Xw/VevmY9FoHyQ+g+rrMn4j6FB4np7Z0OhdTgjx6MgQLK7jwSy1YecU1+4Asg==",
            "requires": {}
        }
    }
}
